
Microsoft Visual Studio Solution File, Format Version 12.00
# Visual Studio Version 17
VisualStudioVersion = 17.14.36202.13
MinimumVisualStudioVersion = 10.0.40219.1
Project("{FAE04EC0-301F-11D3-BF4B-00C04F79EFBC}") = "ProductAPI", "ProductAPI.csproj", "{F5AA8852-73D5-42F4-B3A8-DB2F316ABB70}"
EndProject
Project("{FAE04EC0-301F-11D3-BF4B-00C04F79EFBC}") = "DataAccess", "..\DataAccess\DataAccess.csproj", "{D032E2F5-5B2F-428E-868F-1C2D7FD21898}"
EndProject
Project("{FAE04EC0-301F-11D3-BF4B-00C04F79EFBC}") = "BusinessLogic", "..\BusinessLogic\BusinessLogic.csproj", "{48ADF899-E2AC-4A2B-9747-7CA36CB8BBCD}"
EndProject
Project("{FAE04EC0-301F-11D3-BF4B-00C04F79EFBC}") = "AppHost", "..\AppHost\AppHost.csproj", "{BAABB16B-0458-4A3E-9FE3-11D9F8708CCD}"
EndProject
Project("{FAE04EC0-301F-11D3-BF4B-00C04F79EFBC}") = "ServiceDefaults", "..\ServiceDefaults\ServiceDefaults.csproj", "{01946F2F-29C4-48F7-959E-74E8E76B8B04}"
EndProject
Project("{FAE04EC0-301F-11D3-BF4B-00C04F79EFBC}") = "ChatbotAPI", "..\ChatbotAPI\ChatbotAPI.csproj", "{8BFE699E-E735-4C47-9705-77B04E948C1A}"
EndProject
Global
	GlobalSection(SolutionConfigurationPlatforms) = preSolution
		Debug|Any CPU = Debug|Any CPU
		Release|Any CPU = Release|Any CPU
	EndGlobalSection
	GlobalSection(ProjectConfigurationPlatforms) = postSolution
		{F5AA8852-73D5-42F4-B3A8-DB2F316ABB70}.Debug|Any CPU.ActiveCfg = Debug|Any CPU
		{F5AA8852-73D5-42F4-B3A8-DB2F316ABB70}.Debug|Any CPU.Build.0 = Debug|Any CPU
		{F5AA8852-73D5-42F4-B3A8-DB2F316ABB70}.Release|Any CPU.ActiveCfg = Release|Any CPU
		{F5AA8852-73D5-42F4-B3A8-DB2F316ABB70}.Release|Any CPU.Build.0 = Release|Any CPU
		{D032E2F5-5B2F-428E-868F-1C2D7FD21898}.Debug|Any CPU.ActiveCfg = Debug|Any CPU
		{D032E2F5-5B2F-428E-868F-1C2D7FD21898}.Debug|Any CPU.Build.0 = Debug|Any CPU
		{D032E2F5-5B2F-428E-868F-1C2D7FD21898}.Release|Any CPU.ActiveCfg = Release|Any CPU
		{D032E2F5-5B2F-428E-868F-1C2D7FD21898}.Release|Any CPU.Build.0 = Release|Any CPU
		{48ADF899-E2AC-4A2B-9747-7CA36CB8BBCD}.Debug|Any CPU.ActiveCfg = Debug|Any CPU
		{48ADF899-E2AC-4A2B-9747-7CA36CB8BBCD}.Debug|Any CPU.Build.0 = Debug|Any CPU
		{48ADF899-E2AC-4A2B-9747-7CA36CB8BBCD}.Release|Any CPU.ActiveCfg = Release|Any CPU
		{48ADF899-E2AC-4A2B-9747-7CA36CB8BBCD}.Release|Any CPU.Build.0 = Release|Any CPU
		{BAABB16B-0458-4A3E-9FE3-11D9F8708CCD}.Debug|Any CPU.ActiveCfg = Debug|Any CPU
		{BAABB16B-0458-4A3E-9FE3-11D9F8708CCD}.Debug|Any CPU.Build.0 = Debug|Any CPU
		{BAABB16B-0458-4A3E-9FE3-11D9F8708CCD}.Release|Any CPU.ActiveCfg = Release|Any CPU
		{BAABB16B-0458-4A3E-9FE3-11D9F8708CCD}.Release|Any CPU.Build.0 = Release|Any CPU
		{01946F2F-29C4-48F7-959E-74E8E76B8B04}.Debug|Any CPU.ActiveCfg = Debug|Any CPU
		{01946F2F-29C4-48F7-959E-74E8E76B8B04}.Debug|Any CPU.Build.0 = Debug|Any CPU
		{01946F2F-29C4-48F7-959E-74E8E76B8B04}.Release|Any CPU.ActiveCfg = Release|Any CPU
		{01946F2F-29C4-48F7-959E-74E8E76B8B04}.Release|Any CPU.Build.0 = Release|Any CPU
		{8BFE699E-E735-4C47-9705-77B04E948C1A}.Debug|Any CPU.ActiveCfg = Debug|Any CPU
		{8BFE699E-E735-4C47-9705-77B04E948C1A}.Debug|Any CPU.Build.0 = Debug|Any CPU
		{8BFE699E-E735-4C47-9705-77B04E948C1A}.Release|Any CPU.ActiveCfg = Release|Any CPU
		{8BFE699E-E735-4C47-9705-77B04E948C1A}.Release|Any CPU.Build.0 = Release|Any CPU
	EndGlobalSection
	GlobalSection(SolutionProperties) = preSolution
		HideSolutionNode = FALSE
	EndGlobalSection
	GlobalSection(ExtensibilityGlobals) = postSolution
		SolutionGuid = {A4B4314E-A42B-4B55-A2B6-7201C532064F}
	EndGlobalSection
EndGlobal
